
Microsoft Visual Studio Solution File, Format Version 12.00
# Visual Studio Version 17
VisualStudioVersion = 17.8.34330.188
MinimumVisualStudioVersion = 10.0.40219.1
Project("{FAE04EC0-301F-11D3-BF4B-00C04F79EFBC}") = "TicketBook", "TicketBook.csproj", "{48466FCA-2E32-4298-8AD4-FD052AE4708C}"
EndProject
Global
	GlobalSection(SolutionConfigurationPlatforms) = preSolution
		Debug|Any CPU = Debug|Any CPU
		Release|Any CPU = Release|Any CPU
	EndGlobalSection
	GlobalSection(ProjectConfigurationPlatforms) = postSolution
		{48466FCA-2E32-4298-8AD4-FD052AE4708C}.Debug|Any CPU.ActiveCfg = Debug|Any CPU
		{48466FCA-2E32-4298-8AD4-FD052AE4708C}.Debug|Any CPU.Build.0 = Debug|Any CPU
		{48466FCA-2E32-4298-8AD4-FD052AE4708C}.Release|Any CPU.ActiveCfg = Release|Any CPU
		{48466FCA-2E32-4298-8AD4-FD052AE4708C}.Release|Any CPU.Build.0 = Release|Any CPU
	EndGlobalSection
	GlobalSection(SolutionProperties) = preSolution
		HideSolutionNode = FALSE
	EndGlobalSection
	GlobalSection(ExtensibilityGlobals) = postSolution
		SolutionGuid = {75056BE6-2988-43EC-96CB-7CFA9FF4C04D}
	EndGlobalSection
EndGlobal
